
Microsoft Visual Studio Solution File, Format Version 12.00
# Visual Studio Version 16
VisualStudioVersion = 16.0.30804.86
MinimumVisualStudioVersion = 10.0.40219.1
Project("{FAE04EC0-301F-11D3-BF4B-00C04F79EFBC}") = "Nextwin.Client", "Nextwin.Client.csproj", "{695F35EC-117E-44FB-A68C-DD43B317246C}"
EndProject
Global
	GlobalSection(SolutionConfigurationPlatforms) = preSolution
		Debug|Any CPU = Debug|Any CPU
		Release|Any CPU = Release|Any CPU
	EndGlobalSection
	GlobalSection(ProjectConfigurationPlatforms) = postSolution
		{695F35EC-117E-44FB-A68C-DD43B317246C}.Debug|Any CPU.ActiveCfg = Debug|Any CPU
		{695F35EC-117E-44FB-A68C-DD43B317246C}.Debug|Any CPU.Build.0 = Debug|Any CPU
		{695F35EC-117E-44FB-A68C-DD43B317246C}.Release|Any CPU.ActiveCfg = Release|Any CPU
		{695F35EC-117E-44FB-A68C-DD43B317246C}.Release|Any CPU.Build.0 = Release|Any CPU
	EndGlobalSection
	GlobalSection(SolutionProperties) = preSolution
		HideSolutionNode = FALSE
	EndGlobalSection
	GlobalSection(ExtensibilityGlobals) = postSolution
		SolutionGuid = {E6FC1A38-4553-49F1-BFA2-E9182333C46B}
	EndGlobalSection
EndGlobal
